{
  "name": "rayfin-functions",
  "version": "1.0.0",
  "lockfileVersion": 3,
  "requires": true,
  "packages": {
    "": {
      "name": "rayfin-functions",
      "version": "1.0.0",
      "dependencies": {
        "@microsoft/fabric-user-data-functions": "experimental"
      },
      "devDependencies": {
        "rimraf": "^6.0.0",
        "typescript": "^5.8.0"
      }
    },
    "node_modules/@azure/functions": {
      "version": "4.16.5",
      "resolved": "https://registry.npmjs.org/@azure/functions/-/functions-4.16.5.tgz",
      "integrity": "sha512-h0lVUeI/Q36SyE2xGQOXZqBbmSgQHNLk8pvMxhq3Dw1TaT3eGWs2X25dceGJ153aXXkjcTEdkxg3D2Gcz1uJ0w==",
      "license": "MIT",
      "dependencies": {
        "@azure/functions-extensions-base": "0.3.0",
        "cookie": "^0.7.0"
      },
      "engines": {
        "node": ">=20.0"
      }
    },
    "node_modules/@azure/functions-extensions-base": {
      "version": "0.3.0",
      "resolved": "https://registry.npmjs.org/@azure/functions-extensions-base/-/functions-extensions-base-0.3.0.tgz",
      "integrity": "sha512-Cux0hLu5ZXlC/Kb+yvJVhRLIdkfFwui2HeT5oGZL00r/GCUUkhGTzRfZUjRN4Bq729mPv3okPucz2z7SMQLStA==",
      "license": "MIT",
      "engines": {
        "node": ">=18.0"
      }
    },
    "node_modules/@isaacs/fs-minipass": {
      "version": "4.0.1",
      "resolved": "https://registry.npmjs.org/@isaacs/fs-minipass/-/fs-minipass-4.0.1.tgz",
      "integrity": "sha512-wgm9Ehl2jpeqP3zw/7mo3kRHFp5MEDhqAdwy1fTGkHAwnkGOVsgpvQhL8B5n1qlb01jV3n/bI0ZfZp5lWA1k4w==",
      "license": "ISC",
      "dependencies": {
        "minipass": "^7.0.4"
      },
      "engines": {
        "node": ">=18.0.0"
      }
    },
    "node_modules/@microsoft/fabric-user-data-functions": {
      "version": "1.36.0-alpha.1620",
      "resolved": "https://registry.npmjs.org/@microsoft/fabric-user-data-functions/-/fabric-user-data-functions-1.36.0-alpha.1620.tgz",
      "integrity": "sha512-60qem1BDH6WONd1Q7a19BaQtJIF3LmgB/lf00NcXasL++Jgqh9qXA1wof62ST9jbq2TBKCnt4qCmpVE5Hos6Nw==",
      "license": "MIT",
      "dependencies": {
        "@azure/functions": "^4.0.0",
        "@microsoft/rayfin-client": "1.36.0-alpha.1620"
      },
      "engines": {
        "node": ">=20.0.0 <21.0.0 || >=22.0.0 <23.0.0 || >=24.0.0 <25.0.0"
      }
    },
    "node_modules/@microsoft/rayfin-auth": {
      "version": "1.36.0-alpha.1620",
      "resolved": "https://registry.npmjs.org/@microsoft/rayfin-auth/-/rayfin-auth-1.36.0-alpha.1620.tgz",
      "integrity": "sha512-6SE02uRzWleB/mcCSSRFxpaiMwCWgv85bKu/hOKd2pvYg6jPrMeoEJozA7sifZ5xqzzvhWjgD/DMDAu2Um3h8w==",
      "license": "MIT",
      "dependencies": {
        "@microsoft/rayfin-lib": "1.36.0-alpha.1620"
      }
    },
    "node_modules/@microsoft/rayfin-client": {
      "version": "1.36.0-alpha.1620",
      "resolved": "https://registry.npmjs.org/@microsoft/rayfin-client/-/rayfin-client-1.36.0-alpha.1620.tgz",
      "integrity": "sha512-c/xoZZeMtt3Eu+fwnyoI8V3Kg/F/a4a8OvJTuIyajm/lWmD8KxLEu0hBtwH0ta63ASTxZgIuIPQCoirYY7Xrcw==",
      "license": "MIT",
      "dependencies": {
        "@microsoft/rayfin-auth": "1.36.0-alpha.1620",
        "@microsoft/rayfin-connectors": "1.36.0-alpha.1620",
        "@microsoft/rayfin-data": "1.36.0-alpha.1620",
        "@microsoft/rayfin-functions": "1.36.0-alpha.1620",
        "@microsoft/rayfin-lib": "1.36.0-alpha.1620"
      }
    },
    "node_modules/@microsoft/rayfin-connectors": {
      "version": "1.36.0-alpha.1620",
      "resolved": "https://registry.npmjs.org/@microsoft/rayfin-connectors/-/rayfin-connectors-1.36.0-alpha.1620.tgz",
      "integrity": "sha512-NeX1nAS4KTLubi9GPWLa4MQgZdGT/dNmCyjeAe+oMtHgMjDKDe+qvuvpw0Z1N0PyFsGERs9QaUPDwt6lLTphaQ==",
      "license": "MIT",
      "dependencies": {
        "@microsoft/rayfin-core": "1.36.0-alpha.1620",
        "@microsoft/rayfin-data": "1.36.0-alpha.1620",
        "@microsoft/rayfin-lib": "1.36.0-alpha.1620",
        "@microsoft/rayfin-tools-common": "1.36.0-alpha.1620"
      }
    },
    "node_modules/@microsoft/rayfin-core": {
      "version": "1.36.0-alpha.1620",
      "resolved": "https://registry.npmjs.org/@microsoft/rayfin-core/-/rayfin-core-1.36.0-alpha.1620.tgz",
      "integrity": "sha512-6d6KgYtudXj1rTZXW5dz1vTIgokFynT/hjyrzQgvY8j/zyLC6GBS0QllU+JD6j0Oqkv+FVR3chq68wQFLPyHow==",
      "license": "MIT",
      "dependencies": {
        "@microsoft/rayfin-lib": "1.36.0-alpha.1620",
        "@standard-schema/spec": "^1.1.0"
      },
      "peerDependencies": {
        "typescript": "^5.0.0"
      }
    },
    "node_modules/@microsoft/rayfin-data": {
      "version": "1.36.0-alpha.1620",
      "resolved": "https://registry.npmjs.org/@microsoft/rayfin-data/-/rayfin-data-1.36.0-alpha.1620.tgz",
      "integrity": "sha512-3D9BfJ5OWMS+mg6j8qWWbf1PKUtUDPwvLTyQeuCAFSvUeyTPkO3Zbe9hqIpN3D/MWoMekZgTLQhT4zMWARlcKA==",
      "license": "MIT",
      "dependencies": {
        "@microsoft/rayfin-core": "1.36.0-alpha.1620",
        "@microsoft/rayfin-lib": "1.36.0-alpha.1620"
      }
    },
    "node_modules/@microsoft/rayfin-functions": {
      "version": "1.36.0-alpha.1620",
      "resolved": "https://registry.npmjs.org/@microsoft/rayfin-functions/-/rayfin-functions-1.36.0-alpha.1620.tgz",
      "integrity": "sha512-o98Z85csJPexggPae94Om0bfQCrhxZweTxE7rz7gxcMHg+Pv3mhgA99f1ogLckjih+piUyCcPKp0ejovRxkT6A==",
      "license": "MIT",
      "dependencies": {
        "@microsoft/rayfin-lib": "1.36.0-alpha.1620"
      }
    },
    "node_modules/@microsoft/rayfin-lib": {
      "version": "1.36.0-alpha.1620",
      "resolved": "https://registry.npmjs.org/@microsoft/rayfin-lib/-/rayfin-lib-1.36.0-alpha.1620.tgz",
      "integrity": "sha512-Hr6HHK+LT/7AXrRZqPIZuoo04tfhojvxM0hDzq9ri0JmFyHi6CerMeE7tchN8VUfOL6Iyqivq5QG6C1APOK3Pw==",
      "license": "MIT",
      "dependencies": {
        "pluralize": "^8.0.0"
      }
    },
    "node_modules/@microsoft/rayfin-tools-common": {
      "version": "1.36.0-alpha.1620",
      "resolved": "https://registry.npmjs.org/@microsoft/rayfin-tools-common/-/rayfin-tools-common-1.36.0-alpha.1620.tgz",
      "integrity": "sha512-pJrHDQXSAI1gCh2T1pJMqbT6eYTxf3r5FPyweGOTYlfke7fDAW0xK8DsgdqbV4Ov6j4dE6Bkp8wUeqQyQPaXIQ==",
      "license": "MIT",
      "dependencies": {
        "tar": "~7.5.15",
        "yaml": "^2.8.2",
        "zod": "~4.3.6"
      }
    },
    "node_modules/@standard-schema/spec": {
      "version": "1.1.0",
      "resolved": "https://registry.npmjs.org/@standard-schema/spec/-/spec-1.1.0.tgz",
      "integrity": "sha512-l2aFy5jALhniG5HgqrD6jXLi/rUWrKvqN/qJx6yoJsgKhblVd+iqqU4RCXavm/jPityDo5TCvKMnpjKnOriy0w==",
      "license": "MIT"
    },
    "node_modules/balanced-match": {
      "version": "4.0.4",
      "resolved": "https://registry.npmjs.org/balanced-match/-/balanced-match-4.0.4.tgz",
      "integrity": "sha512-BLrgEcRTwX2o6gGxGOCNyMvGSp35YofuYzw9h1IMTRmKqttAZZVU67bdb9Pr2vUHA8+j3i2tJfjO6C6+4myGTA==",
      "dev": true,
      "license": "MIT",
      "engines": {
        "node": "18 || 20 || >=22"
      }
    },
    "node_modules/brace-expansion": {
      "version": "5.0.12",
      "resolved": "https://registry.npmjs.org/brace-expansion/-/brace-expansion-5.0.12.tgz",
      "integrity": "sha512-YovQ3rzhaLMIrDjNDMkNS01tea93qhEhG5xy8f6+R0l+dw3Ki+5sCoIoI942iuLZTHWogWktgwVDhU09iNEimQ==",
      "dev": true,
      "license": "MIT",
      "dependencies": {
        "balanced-match": "^4.0.2"
      },
      "engines": {
        "node": "20 || >=22"
      }
    },
    "node_modules/chownr": {
      "version": "3.0.0",
      "resolved": "https://registry.npmjs.org/chownr/-/chownr-3.0.0.tgz",
      "integrity": "sha512-+IxzY9BZOQd/XuYPRmrvEVjF/nqj5kgT4kEq7VofrDoM1MxoRjEWkrCC3EtLi59TVawxTAn+orJwFQcrqEN1+g==",
      "license": "BlueOak-1.0.0",
      "engines": {
        "node": ">=18"
      }
    },
    "node_modules/cookie": {
      "version": "0.7.2",
      "resolved": "https://registry.npmjs.org/cookie/-/cookie-0.7.2.tgz",
      "integrity": "sha512-yki5XnKuf750l50uGTllt6kKILY4nQ1eNIQatoXEByZ5dWgnKqbnqmTrBE5B4N7lrMJKQ2ytWMiTO2o0v6Ew/w==",
      "license": "MIT",
      "engines": {
        "node": ">= 0.6"
      }
    },
    "node_modules/glob": {
      "version": "13.0.6",
      "resolved": "https://registry.npmjs.org/glob/-/glob-13.0.6.tgz",
      "integrity": "sha512-Wjlyrolmm8uDpm/ogGyXZXb1Z+Ca2B8NbJwqBVg0axK9GbBeoS7yGV6vjXnYdGm6X53iehEuxxbyiKp8QmN4Vw==",
      "dev": true,
      "license": "BlueOak-1.0.0",
      "dependencies": {
        "minimatch": "^10.2.2",
        "minipass": "^7.1.3",
        "path-scurry": "^2.0.2"
      },
      "engines": {
        "node": "18 || 20 || >=22"
      },
      "funding": {
        "url": "https://github.com/sponsors/isaacs"
      }
    },
    "node_modules/lru-cache": {
      "version": "11.5.2",
      "resolved": "https://registry.npmjs.org/lru-cache/-/lru-cache-11.5.2.tgz",
      "integrity": "sha512-4pfM1Ff0x50o0tQwb5ucw/RzNyD0/YJME6IVcStalZuMWxdt3sR3huStTtxz4PUmvZfRguvDejasvQ2kifR11g==",
      "dev": true,
      "license": "BlueOak-1.0.0",
      "engines": {
        "node": "20 || >=22"
      }
    },
    "node_modules/minimatch": {
      "version": "10.2.6",
      "resolved": "https://registry.npmjs.org/minimatch/-/minimatch-10.2.6.tgz",
      "integrity": "sha512-vpLQEs+VLCr1nU0BXS07maYoFwlDAH0gngQuuttxIwutDFEMHq2blX+8vpgxDdK3J1PwjCJiep77OitTZ4Ll1A==",
      "dev": true,
      "license": "BlueOak-1.0.0",
      "dependencies": {
        "brace-expansion": "^5.0.8"
      },
      "engines": {
        "node": "18 || 20 || >=22"
      },
      "funding": {
        "url": "https://github.com/sponsors/isaacs"
      }
    },
    "node_modules/minipass": {
      "version": "7.1.3",
      "resolved": "https://registry.npmjs.org/minipass/-/minipass-7.1.3.tgz",
      "integrity": "sha512-tEBHqDnIoM/1rXME1zgka9g6Q2lcoCkxHLuc7ODJ5BxbP5d4c2Z5cGgtXAku59200Cx7diuHTOYfSBD8n6mm8A==",
      "license": "BlueOak-1.0.0",
      "engines": {
        "node": ">=16 || 14 >=14.17"
      }
    },
    "node_modules/minizlib": {
      "version": "3.1.0",
      "resolved": "https://registry.npmjs.org/minizlib/-/minizlib-3.1.0.tgz",
      "integrity": "sha512-KZxYo1BUkWD2TVFLr0MQoM8vUUigWD3LlD83a/75BqC+4qE0Hb1Vo5v1FgcfaNXvfXzr+5EhQ6ing/CaBijTlw==",
      "license": "MIT",
      "dependencies": {
        "minipass": "^7.1.2"
      },
      "engines": {
        "node": ">= 18"
      }
    },
    "node_modules/package-json-from-dist": {
      "version": "1.0.1",
      "resolved": "https://registry.npmjs.org/package-json-from-dist/-/package-json-from-dist-1.0.1.tgz",
      "integrity": "sha512-UEZIS3/by4OC8vL3P2dTXRETpebLI2NiI5vIrjaD/5UtrkFX/tNbwjTSRAGC/+7CAo2pIcBaRgWmcBBHcsaCIw==",
      "dev": true,
      "license": "BlueOak-1.0.0"
    },
    "node_modules/path-scurry": {
      "version": "2.0.2",
      "resolved": "https://registry.npmjs.org/path-scurry/-/path-scurry-2.0.2.tgz",
      "integrity": "sha512-3O/iVVsJAPsOnpwWIeD+d6z/7PmqApyQePUtCndjatj/9I5LylHvt5qluFaBT3I5h3r1ejfR056c+FCv+NnNXg==",
      "dev": true,
      "license": "BlueOak-1.0.0",
      "dependencies": {
        "lru-cache": "^11.0.0",
        "minipass": "^7.1.2"
      },
      "engines": {
        "node": "18 || 20 || >=22"
      },
      "funding": {
        "url": "https://github.com/sponsors/isaacs"
      }
    },
    "node_modules/pluralize": {
      "version": "8.0.0",
      "resolved": "https://registry.npmjs.org/pluralize/-/pluralize-8.0.0.tgz",
      "integrity": "sha512-Nc3IT5yHzflTfbjgqWcCPpo7DaKy4FnpB0l/zCAW0Tc7jxAiuqSxHasntB3D7887LSrA93kDJ9IXovxJYxyLCA==",
      "license": "MIT",
      "engines": {
        "node": ">=4"
      }
    },
    "node_modules/rimraf": {
      "version": "6.1.3",
      "resolved": "https://registry.npmjs.org/rimraf/-/rimraf-6.1.3.tgz",
      "integrity": "sha512-LKg+Cr2ZF61fkcaK1UdkH2yEBBKnYjTyWzTJT6KNPcSPaiT7HSdhtMXQuN5wkTX0Xu72KQ1l8S42rlmexS2hSA==",
      "dev": true,
      "license": "BlueOak-1.0.0",
      "dependencies": {
        "glob": "^13.0.3",
        "package-json-from-dist": "^1.0.1"
      },
      "bin": {
        "rimraf": "dist/esm/bin.mjs"
      },
      "engines": {
        "node": "20 || >=22"
      },
      "funding": {
        "url": "https://github.com/sponsors/isaacs"
      }
    },
    "node_modules/tar": {
      "version": "7.5.22",
      "resolved": "https://registry.npmjs.org/tar/-/tar-7.5.22.tgz",
      "integrity": "sha512-MFO/QzvtAOmJbkhOaCTvbGcFN9L9b+JunIsDwaKljSOdcLMea3NJ1k9Usz/rjdfSXTq4dfzfeS7W4p4YOAAHeA==",
      "license": "BlueOak-1.0.0",
      "dependencies": {
        "@isaacs/fs-minipass": "^4.0.0",
        "chownr": "^3.0.0",
        "minipass": "^7.1.2",
        "minizlib": "^3.1.0",
        "yallist": "^5.0.0"
      },
      "engines": {
        "node": ">=18"
      }
    },
    "node_modules/typescript": {
      "version": "5.9.3",
      "resolved": "https://registry.npmjs.org/typescript/-/typescript-5.9.3.tgz",
      "integrity": "sha512-jl1vZzPDinLr9eUt3J/t7V6FgNEw9QjvBPdysz9KfQDD41fQrC2Y4vKQdiaUpFT4bXlb1RHhLpp8wtm6M5TgSw==",
      "license": "Apache-2.0",
      "bin": {
        "tsc": "bin/tsc",
        "tsserver": "bin/tsserver"
      },
      "engines": {
        "node": ">=14.17"
      }
    },
    "node_modules/yallist": {
      "version": "5.0.0",
      "resolved": "https://registry.npmjs.org/yallist/-/yallist-5.0.0.tgz",
      "integrity": "sha512-YgvUTfwqyc7UXVMrB+SImsVYSmTS8X/tSrtdNZMImM+n7+QTriRXyXim0mBrTXNeqzVF0KWGgHPeiyViFFrNDw==",
      "license": "BlueOak-1.0.0",
      "engines": {
        "node": ">=18"
      }
    },
    "node_modules/yaml": {
      "version": "2.9.1",
      "resolved": "https://registry.npmjs.org/yaml/-/yaml-2.9.1.tgz",
      "integrity": "sha512-3NxN8+78OdzbT7C/WjGsyfPAtJaN3FNDsWxv7Y7mcDsT/oOmgW8BpyQQFFBnvZE3j9Y2Sdz1ULFLezL7Eb2yFw==",
      "license": "ISC",
      "bin": {
        "yaml": "bin.mjs"
      },
      "engines": {
        "node": ">= 14.6"
      },
      "funding": {
        "url": "https://github.com/sponsors/eemeli"
      }
    },
    "node_modules/zod": {
      "version": "4.3.6",
      "resolved": "https://registry.npmjs.org/zod/-/zod-4.3.6.tgz",
      "integrity": "sha512-rftlrkhHZOcjDwkGlnUtZZkvaPHCsDATp4pGpuOOMDaTdDDXF91wuVDJoWoPsKX/3YPQ5fHuF3STjcYyKr+Qhg==",
      "license": "MIT",
      "funding": {
        "url": "https://github.com/sponsors/colinhacks"
      }
    }
  }
}
